
Microsoft Visual Studio Solution File, Format Version 12.00
# Visual Studio Version 16
VisualStudioVersion = 16.0.30804.86
MinimumVisualStudioVersion = 10.0.40219.1
Project("{9A19103F-16F7-4668-BE54-9A1E7A4F7556}") = "EtwLogger", "EtwLogger.csproj", "{E94B4112-039A-4195-9159-095499D52AC0}"
EndProject
Global
	GlobalSection(SolutionConfigurationPlatforms) = preSolution
		Debug|Any CPU = Debug|Any CPU
		Release|Any CPU = Release|Any CPU
	EndGlobalSection
	GlobalSection(ProjectConfigurationPlatforms) = postSolution
		{E94B4112-039A-4195-9159-095499D52AC0}.Debug|Any CPU.ActiveCfg = Release|Any CPU
		{E94B4112-039A-4195-9159-095499D52AC0}.Debug|Any CPU.Build.0 = Release|Any CPU
		{E94B4112-039A-4195-9159-095499D52AC0}.Release|Any CPU.ActiveCfg = Release|Any CPU
		{E94B4112-039A-4195-9159-095499D52AC0}.Release|Any CPU.Build.0 = Release|Any CPU
	EndGlobalSection
	GlobalSection(SolutionProperties) = preSolution
		HideSolutionNode = FALSE
	EndGlobalSection
	GlobalSection(ExtensibilityGlobals) = postSolution
		SolutionGuid = {A04D2233-41C4-4432-A6E7-23758C643862}
	EndGlobalSection
EndGlobal
