{
    "name": "azure-functions-ux-build",
    "version": "0.0.0",
    "lockfileVersion": 1,
    "requires": true,
    "dependencies": {
        "angular2-click-outside": {
            "version": "0.1.0",
            "resolved": "https://registry.npmjs.org/angular2-click-outside/-/angular2-click-outside-0.1.0.tgz",
            "integrity": "sha1-+hVrD3iTMRz7u6uhugISevz324c="
        }
    }
}
